lockfileVersion: '9.0'

settings:
  autoInstallPeers: true
  excludeLinksFromLockfile: false

importers:

  .:
    devDependencies:
      turbo:
        specifier: ^2.0.5-canary.2
        version: 2.0.5-canary.2

  apps/apps-a:
    dependencies:
      pkg-a:
        specifier: workspace:*
        version: link:../../packages/pkg-a
      tooling-config:
        specifier: workspace:*
        version: link:../../packages/tooling-config

  apps/apps-b:
    dependencies:
      tooling-config:
        specifier: workspace:*
        version: link:../../packages/tooling-config

  packages/pkg-a:
    dependencies:
      tooling-config:
        specifier: workspace:*
        version: link:../tooling-config

  packages/pkg-b:
    dependencies:
      tooling-config:
        specifier: workspace:*
        version: link:../tooling-config

  packages/tooling-config: {}

packages:

  turbo-darwin-64@2.0.5-canary.2:
    resolution: {integrity: sha512-qGVdWL8CpZn5gg9zmdXbgZy7RBfm71kdsvxWYCyxiu/YewvdwbzoKF8k7A8OzApdC57unXeMCd7Re2TYGpvWuA==}
    cpu: [x64]
    os: [darwin]

  turbo-darwin-arm64@2.0.5-canary.2:
    resolution: {integrity: sha512-8Y0nV37eSmntSU/y8lh9k6fLfWvgbwzCpuwJb+s276jBtUTzRlKO5Eyg4d48uTVfRVU1c47aa0lGl7hJjI68TA==}
    cpu: [arm64]
    os: [darwin]

  turbo-linux-64@2.0.5-canary.2:
    resolution: {integrity: sha512-9n5bWKiX8sqWXPx8d/pZ/tjuF/Yh/3UIWyp5n11W4MorRSSoXAPJC5ipniBMXeTgXVM/BaR9br+u5c6o/WB16w==}
    cpu: [x64]
    os: [linux]

  turbo-linux-arm64@2.0.5-canary.2:
    resolution: {integrity: sha512-9TZdCtPgZ39AjVNq63LZIxVfDtunOTUXawj+7ZbQrCIV5sfqk4NajM5Q45fk5MOOX/ZPU7uYyU+mnPunCwNDOA==}
    cpu: [arm64]
    os: [linux]

  turbo-windows-64@2.0.5-canary.2:
    resolution: {integrity: sha512-DrHYkRCQv69S0LgyfRVRje0Z/LPZqyJpib1jBoArLZaqf4cLUWGVt6wKIjxtwcGf3ylwAPOK/FOC2Zwb+Bu1gA==}
    cpu: [x64]
    os: [win32]

  turbo-windows-arm64@2.0.5-canary.2:
    resolution: {integrity: sha512-sDv90aWTzEU9W80VuzS+dQIcPKJbhIQR+nEFqQQPxtOSE1RtXXWOxpZvF1J5CyQXdt1WaIVlA1oHsOUskqZrbA==}
    cpu: [arm64]
    os: [win32]

  turbo@2.0.5-canary.2:
    resolution: {integrity: sha512-TXccVYrK6XzSvezqW1PnlUS/Ipjb00HZ9bW1FniN/zpprBVX4zVBXwujI0vlIW+2w02VaC7PYyNIaRnOJ/fisw==}
    hasBin: true

snapshots:

  turbo-darwin-64@2.0.5-canary.2:
    optional: true

  turbo-darwin-arm64@2.0.5-canary.2:
    optional: true

  turbo-linux-64@2.0.5-canary.2:
    optional: true

  turbo-linux-arm64@2.0.5-canary.2:
    optional: true

  turbo-windows-64@2.0.5-canary.2:
    optional: true

  turbo-windows-arm64@2.0.5-canary.2:
    optional: true

  turbo@2.0.5-canary.2:
    optionalDependencies:
      turbo-darwin-64: 2.0.5-canary.2
      turbo-darwin-arm64: 2.0.5-canary.2
      turbo-linux-64: 2.0.5-canary.2
      turbo-linux-arm64: 2.0.5-canary.2
      turbo-windows-64: 2.0.5-canary.2
      turbo-windows-arm64: 2.0.5-canary.2
